
Microsoft Visual Studio Solution File, Format Version 12.00
# Visual Studio Version 17
VisualStudioVersion = 17.11.35327.3
MinimumVisualStudioVersion = 10.0.40219.1
Project("{FAE04EC0-301F-11D3-BF4B-00C04F79EFBC}") = "online-service-app-business-functions", "online-service-app-business-functions.csproj", "{8789C488-1E93-4484-9BE5-C51EC8889ED9}"
EndProject
Global
	GlobalSection(SolutionConfigurationPlatforms) = preSolution
		Debug|Any CPU = Debug|Any CPU
		Release|Any CPU = Release|Any CPU
	EndGlobalSection
	GlobalSection(ProjectConfigurationPlatforms) = postSolution
		{8789C488-1E93-4484-9BE5-C51EC8889ED9}.Debug|Any CPU.ActiveCfg = Debug|Any CPU
		{8789C488-1E93-4484-9BE5-C51EC8889ED9}.Debug|Any CPU.Build.0 = Debug|Any CPU
		{8789C488-1E93-4484-9BE5-C51EC8889ED9}.Release|Any CPU.ActiveCfg = Release|Any CPU
		{8789C488-1E93-4484-9BE5-C51EC8889ED9}.Release|Any CPU.Build.0 = Release|Any CPU
	EndGlobalSection
	GlobalSection(SolutionProperties) = preSolution
		HideSolutionNode = FALSE
	EndGlobalSection
	GlobalSection(ExtensibilityGlobals) = postSolution
		SolutionGuid = {D565EE86-B691-4755-92D6-1F02A0862545}
	EndGlobalSection
EndGlobal
